
Microsoft Visual Studio Solution File, Format Version 12.00
# Visual Studio Version 17
VisualStudioVersion = 17.11.35222.181
MinimumVisualStudioVersion = 10.0.40219.1
Project("{9A19103F-16F7-4668-BE54-9A1E7A4F7556}") = "AR_Commerce", "AR_Commerce\AR_Commerce\AR_Commerce.csproj", "{F2E7F725-7601-4856-BE06-1D5D88CA84AF}"
EndProject
Project("{9A19103F-16F7-4668-BE54-9A1E7A4F7556}") = "LIbFiles", "LibFiles\LIbFiles\LIbFiles.csproj", "{A33FACEC-6D28-444F-83DD-830D46F1E817}"
EndProject
Project("{9A19103F-16F7-4668-BE54-9A1E7A4F7556}") = "AR_AuthorizationUser", "AR_AuthorizationUser\AR_AuthorizationUser\AR_AuthorizationUser.csproj", "{D3ED9486-5BB3-4957-9D7E-DC6D5359F374}"
EndProject
Global
	GlobalSection(SolutionConfigurationPlatforms) = preSolution
		Debug|Any CPU = Debug|Any CPU
		Release|Any CPU = Release|Any CPU
	EndGlobalSection
	GlobalSection(ProjectConfigurationPlatforms) = postSolution
		{F2E7F725-7601-4856-BE06-1D5D88CA84AF}.Debug|Any CPU.ActiveCfg = Debug|Any CPU
		{F2E7F725-7601-4856-BE06-1D5D88CA84AF}.Debug|Any CPU.Build.0 = Debug|Any CPU
		{F2E7F725-7601-4856-BE06-1D5D88CA84AF}.Release|Any CPU.ActiveCfg = Release|Any CPU
		{F2E7F725-7601-4856-BE06-1D5D88CA84AF}.Release|Any CPU.Build.0 = Release|Any CPU
		{A33FACEC-6D28-444F-83DD-830D46F1E817}.Debug|Any CPU.ActiveCfg = Debug|Any CPU
		{A33FACEC-6D28-444F-83DD-830D46F1E817}.Debug|Any CPU.Build.0 = Debug|Any CPU
		{A33FACEC-6D28-444F-83DD-830D46F1E817}.Release|Any CPU.ActiveCfg = Release|Any CPU
		{A33FACEC-6D28-444F-83DD-830D46F1E817}.Release|Any CPU.Build.0 = Release|Any CPU
		{D3ED9486-5BB3-4957-9D7E-DC6D5359F374}.Debug|Any CPU.ActiveCfg = Debug|Any CPU
		{D3ED9486-5BB3-4957-9D7E-DC6D5359F374}.Debug|Any CPU.Build.0 = Debug|Any CPU
		{D3ED9486-5BB3-4957-9D7E-DC6D5359F374}.Release|Any CPU.ActiveCfg = Release|Any CPU
		{D3ED9486-5BB3-4957-9D7E-DC6D5359F374}.Release|Any CPU.Build.0 = Release|Any CPU
	EndGlobalSection
	GlobalSection(SolutionProperties) = preSolution
		HideSolutionNode = FALSE
	EndGlobalSection
	GlobalSection(ExtensibilityGlobals) = postSolution
		SolutionGuid = {896B077F-F761-48B2-BF2F-989A265D3FD2}
	EndGlobalSection
EndGlobal
